// !$*UTF8*$!
{
	archiveVersion = 1;
	classes = {
	};
	objectVersion = 56;
	objects = {

/* Begin PBXBuildFile section */
		D5F40FA329680FAD00878B00 /* UpworkApp.swift in Sources */ = {isa = PBXBuildFile; fileRef = D5F40FA229680FAD00878B00 /* UpworkApp.swift */; };
		D5F40FA529680FAD00878B00 /* TabbarView.swift in Sources */ = {isa = PBXBuildFile; fileRef = D5F40FA429680FAD00878B00 /* TabbarView.swift */; };
		D5F40FA729680FAE00878B00 /* Assets.xcassets in Resources */ = {isa = PBXBuildFile; fileRef = D5F40FA629680FAE00878B00 /* Assets.xcassets */; };
		D5F40FAA29680FAE00878B00 /* Preview Assets.xcassets in Resources */ = {isa = PBXBuildFile; fileRef = D5F40FA929680FAE00878B00 /* Preview Assets.xcassets */; };
		D5F40FB22968142B00878B00 /* EmployeesListView.swift in Sources */ = {isa = PBXBuildFile; fileRef = D5F40FB12968142B00878B00 /* EmployeesListView.swift */; };
		D5F40FB5296814E300878B00 /* EmployeeDetailView.swift in Sources */ = {isa = PBXBuildFile; fileRef = D5F40FB4296814E300878B00 /* EmployeeDetailView.swift */; };
		D5F40FBB296816EA00878B00 /* TabbarViewModel.swift in Sources */ = {isa = PBXBuildFile; fileRef = D5F40FBA296816EA00878B00 /* TabbarViewModel.swift */; };
		D5F40FBD2968170E00878B00 /* EmployeesListViewModel.swift in Sources */ = {isa = PBXBuildFile; fileRef = D5F40FBC2968170E00878B00 /* EmployeesListViewModel.swift */; };
		D5F40FC02968173F00878B00 /* EmployeeDetailViewModel.swift in Sources */ = {isa = PBXBuildFile; fileRef = D5F40FBF2968173F00878B00 /* EmployeeDetailViewModel.swift */; };
		D5F40FC429681BEE00878B00 /* WeekDataView.swift in Sources */ = {isa = PBXBuildFile; fileRef = D5F40FC329681BEE00878B00 /* WeekDataView.swift */; };
		D5F40FC629681C0800878B00 /* WeekDataViewModel.swift in Sources */ = {isa = PBXBuildFile; fileRef = D5F40FC529681C0800878B00 /* WeekDataViewModel.swift */; };
		D5F40FC92968203F00878B00 /* Employee.swift in Sources */ = {isa = PBXBuildFile; fileRef = D5F40FC82968203F00878B00 /* Employee.swift */; };
/* End PBXBuildFile section */

/* Begin PBXFileReference section */
		D5F40F9F29680FAD00878B00 /* upwork.app */ = {isa = PBXFileReference; explicitFileType = wrapper.application; includeInIndex = 0; path = upwork.app; sourceTree = BUILT_PRODUCTS_DIR; };
		D5F40FA229680FAD00878B00 /* UpworkApp.swift */ = {isa = PBXFileReference; lastKnownFileType = sourcecode.swift; path = UpworkApp.swift; sourceTree = "<group>"; };
		D5F40FA429680FAD00878B00 /* TabbarView.swift */ = {isa = PBXFileReference; lastKnownFileType = sourcecode.swift; path = TabbarView.swift; sourceTree = "<group>"; };
		D5F40FA629680FAE00878B00 /* Assets.xcassets */ = {isa = PBXFileReference; lastKnownFileType = folder.assetcatalog; path = Assets.xcassets; sourceTree = "<group>"; };
		D5F40FA929680FAE00878B00 /* Preview Assets.xcassets */ = {isa = PBXFileReference; lastKnownFileType = folder.assetcatalog; path = "Preview Assets.xcassets"; sourceTree = "<group>"; };
		D5F40FB12968142B00878B00 /* EmployeesListView.swift */ = {isa = PBXFileReference; lastKnownFileType = sourcecode.swift; path = EmployeesListView.swift; sourceTree = "<group>"; };
		D5F40FB4296814E300878B00 /* EmployeeDetailView.swift */ = {isa = PBXFileReference; lastKnownFileType = sourcecode.swift; path = EmployeeDetailView.swift; sourceTree = "<group>"; };
		D5F40FBA296816EA00878B00 /* TabbarViewModel.swift */ = {isa = PBXFileReference; lastKnownFileType = sourcecode.swift; path = TabbarViewModel.swift; sourceTree = "<group>"; };
		D5F40FBC2968170E00878B00 /* EmployeesListViewModel.swift */ = {isa = PBXFileReference; lastKnownFileType = sourcecode.swift; path = EmployeesListViewModel.swift; sourceTree = "<group>"; };
		D5F40FBF2968173F00878B00 /* EmployeeDetailViewModel.swift */ = {isa = PBXFileReference; lastKnownFileType = sourcecode.swift; path = EmployeeDetailViewModel.swift; sourceTree = "<group>"; };
		D5F40FC329681BEE00878B00 /* WeekDataView.swift */ = {isa = PBXFileReference; lastKnownFileType = sourcecode.swift; path = WeekDataView.swift; sourceTree = "<group>"; };
		D5F40FC529681C0800878B00 /* WeekDataViewModel.swift */ = {isa = PBXFileReference; lastKnownFileType = sourcecode.swift; path = WeekDataViewModel.swift; sourceTree = "<group>"; };
		D5F40FC82968203F00878B00 /* Employee.swift */ = {isa = PBXFileReference; lastKnownFileType = sourcecode.swift; path = Employee.swift; sourceTree = "<group>"; };
/* End PBXFileReference section */

/* Begin PBXFrameworksBuildPhase section */
		D5F40F9C29680FAD00878B00 /* Frameworks */ = {
			isa = PBXFrameworksBuildPhase;
			buildActionMask = 2147483647;
			files = (
			);
			runOnlyForDeploymentPostprocessing = 0;
		};
/* End PBXFrameworksBuildPhase section */

/* Begin PBXGroup section */
		D5F40F9629680FAD00878B00 = {
			isa = PBXGroup;
			children = (
				D5F40FA129680FAD00878B00 /* upwork */,
				D5F40FA029680FAD00878B00 /* Products */,
			);
			sourceTree = "<group>";
		};
		D5F40FA029680FAD00878B00 /* Products */ = {
			isa = PBXGroup;
			children = (
				D5F40F9F29680FAD00878B00 /* upwork.app */,
			);
			name = Products;
			sourceTree = "<group>";
		};
		D5F40FA129680FAD00878B00 /* upwork */ = {
			isa = PBXGroup;
			children = (
				D5F40FC72968200F00878B00 /* models */,
				D5F40FB62968162F00878B00 /* views */,
				D5F40FA229680FAD00878B00 /* UpworkApp.swift */,
				D5F40FA629680FAE00878B00 /* Assets.xcassets */,
				D5F40FA829680FAE00878B00 /* Preview Content */,
			);
			path = upwork;
			sourceTree = "<group>";
		};
		D5F40FA829680FAE00878B00 /* Preview Content */ = {
			isa = PBXGroup;
			children = (
				D5F40FA929680FAE00878B00 /* Preview Assets.xcassets */,
			);
			path = "Preview Content";
			sourceTree = "<group>";
		};
		D5F40FB0296813E600878B00 /* employeesList */ = {
			isa = PBXGroup;
			children = (
				D5F40FB12968142B00878B00 /* EmployeesListView.swift */,
				D5F40FBC2968170E00878B00 /* EmployeesListViewModel.swift */,
			);
			path = employeesList;
			sourceTree = "<group>";
		};
		D5F40FB3296814BB00878B00 /* employeeDetail */ = {
			isa = PBXGroup;
			children = (
				D5F40FB4296814E300878B00 /* EmployeeDetailView.swift */,
				D5F40FBF2968173F00878B00 /* EmployeeDetailViewModel.swift */,
			);
			path = employeeDetail;
			sourceTree = "<group>";
		};
		D5F40FB62968162F00878B00 /* views */ = {
			isa = PBXGroup;
			children = (
				D5F40FB72968166200878B00 /* tabbar */,
				D5F40FB0296813E600878B00 /* employeesList */,
				D5F40FB3296814BB00878B00 /* employeeDetail */,
				D5F40FC229681B7F00878B00 /* weekData */,
			);
			path = views;
			sourceTree = "<group>";
		};
		D5F40FB72968166200878B00 /* tabbar */ = {
			isa = PBXGroup;
			children = (
				D5F40FA429680FAD00878B00 /* TabbarView.swift */,
				D5F40FBA296816EA00878B00 /* TabbarViewModel.swift */,
			);
			path = tabbar;
			sourceTree = "<group>";
		};
		D5F40FC229681B7F00878B00 /* weekData */ = {
			isa = PBXGroup;
			children = (
				D5F40FC329681BEE00878B00 /* WeekDataView.swift */,
				D5F40FC529681C0800878B00 /* WeekDataViewModel.swift */,
			);
			path = weekData;
			sourceTree = "<group>";
		};
		D5F40FC72968200F00878B00 /* models */ = {
			isa = PBXGroup;
			children = (
				D5F40FC82968203F00878B00 /* Employee.swift */,
			);
			path = models;
			sourceTree = "<group>";
		};
/* End PBXGroup section */

/* Begin PBXNativeTarget section */
		D5F40F9E29680FAD00878B00 /* upwork */ = {
			isa = PBXNativeTarget;
			buildConfigurationList = D5F40FAD29680FAE00878B00 /* Build configuration list for PBXNativeTarget "upwork" */;
			buildPhases = (
				D5F40FC1296817F600878B00 /* ShellScript */,
				D5F40F9B29680FAD00878B00 /* Sources */,
				D5F40F9C29680FAD00878B00 /* Frameworks */,
				D5F40F9D29680FAD00878B00 /* Resources */,
			);
			buildRules = (
			);
			dependencies = (
			);
			name = upwork;
			productName = upwork;
			productReference = D5F40F9F29680FAD00878B00 /* upwork.app */;
			productType = "com.apple.product-type.application";
		};
/* End PBXNativeTarget section */

/* Begin PBXProject section */
		D5F40F9729680FAD00878B00 /* Project object */ = {
			isa = PBXProject;
			attributes = {
				BuildIndependentTargetsInParallel = 1;
				LastSwiftUpdateCheck = 1420;
				LastUpgradeCheck = 1420;
				TargetAttributes = {
					D5F40F9E29680FAD00878B00 = {
						CreatedOnToolsVersion = 14.2;
					};
				};
			};
			buildConfigurationList = D5F40F9A29680FAD00878B00 /* Build configuration list for PBXProject "upwork" */;
			compatibilityVersion = "Xcode 14.0";
			developmentRegion = en;
			hasScannedForEncodings = 0;
			knownRegions = (
				en,
				Base,
			);
			mainGroup = D5F40F9629680FAD00878B00;
			productRefGroup = D5F40FA029680FAD00878B00 /* Products */;
			projectDirPath = "";
			projectRoot = "";
			targets = (
				D5F40F9E29680FAD00878B00 /* upwork */,
			);
		};
/* End PBXProject section */

/* Begin PBXResourcesBuildPhase section */
		D5F40F9D29680FAD00878B00 /* Resources */ = {
			isa = PBXResourcesBuildPhase;
			buildActionMask = 2147483647;
			files = (
				D5F40FAA29680FAE00878B00 /* Preview Assets.xcassets in Resources */,
				D5F40FA729680FAE00878B00 /* Assets.xcassets in Resources */,
			);
			runOnlyForDeploymentPostprocessing = 0;
		};
/* End PBXResourcesBuildPhase section */

/* Begin PBXShellScriptBuildPhase section */
		D5F40FC1296817F600878B00 /* ShellScript */ = {
			isa = PBXShellScriptBuildPhase;
			buildActionMask = 2147483647;
			files = (
			);
			inputFileListPaths = (
			);
			inputPaths = (
			);
			outputFileListPaths = (
			);
			outputPaths = (
			);
			runOnlyForDeploymentPostprocessing = 0;
			shellPath = /bin/sh;
			shellScript = "export PATH=\"$PATH:/opt/homebrew/bin\"\nif which swiftlint > /dev/null; then\n  swiftlint\nelse\n  echo \"warning: SwiftLint not installed, download from https://github.com/realm/SwiftLint\"\nfi\n\n";
		};
/* End PBXShellScriptBuildPhase section */

/* Begin PBXSourcesBuildPhase section */
		D5F40F9B29680FAD00878B00 /* Sources */ = {
			isa = PBXSourcesBuildPhase;
			buildActionMask = 2147483647;
			files = (
				D5F40FA529680FAD00878B00 /* TabbarView.swift in Sources */,
				D5F40FA329680FAD00878B00 /* UpworkApp.swift in Sources */,
				D5F40FC629681C0800878B00 /* WeekDataViewModel.swift in Sources */,
				D5F40FC92968203F00878B00 /* Employee.swift in Sources */,
				D5F40FBB296816EA00878B00 /* TabbarViewModel.swift in Sources */,
				D5F40FB5296814E300878B00 /* EmployeeDetailView.swift in Sources */,
				D5F40FC02968173F00878B00 /* EmployeeDetailViewModel.swift in Sources */,
				D5F40FBD2968170E00878B00 /* EmployeesListViewModel.swift in Sources */,
				D5F40FC429681BEE00878B00 /* WeekDataView.swift in Sources */,
				D5F40FB22968142B00878B00 /* EmployeesListView.swift in Sources */,
			);
			runOnlyForDeploymentPostprocessing = 0;
		};
/* End PBXSourcesBuildPhase section */

/* Begin XCBuildConfiguration section */
		D5F40FAB29680FAE00878B00 /* Debug */ = {
			isa = XCBuildConfiguration;
			buildSettings = {
				ALWAYS_SEARCH_USER_PATHS = NO;
				CLANG_ANALYZER_NONNULL = YES;
				CLANG_ANALYZER_NUMBER_OBJECT_CONVERSION = YES_AGGRESSIVE;
				CLANG_CXX_LANGUAGE_STANDARD = "gnu++20";
				CLANG_ENABLE_MODULES = YES;
				CLANG_ENABLE_OBJC_ARC = YES;
				CLANG_ENABLE_OBJC_WEAK = YES;
				CLANG_WARN_BLOCK_CAPTURE_AUTORELEASING = YES;
				CLANG_WARN_BOOL_CONVERSION = YES;
				CLANG_WARN_COMMA = YES;
				CLANG_WARN_CONSTANT_CONVERSION = YES;
				CLANG_WARN_DEPRECATED_OBJC_IMPLEMENTATIONS = YES;
				CLANG_WARN_DIRECT_OBJC_ISA_USAGE = YES_ERROR;
				CLANG_WARN_DOCUMENTATION_COMMENTS = YES;
				CLANG_WARN_EMPTY_BODY = YES;
				CLANG_WARN_ENUM_CONVERSION = YES;
				CLANG_WARN_INFINITE_RECURSION = YES;
				CLANG_WARN_INT_CONVERSION = YES;
				CLANG_WARN_NON_LITERAL_NULL_CONVERSION = YES;
				CLANG_WARN_OBJC_IMPLICIT_RETAIN_SELF = YES;
				CLANG_WARN_OBJC_LITERAL_CONVERSION = YES;
				CLANG_WARN_OBJC_ROOT_CLASS = YES_ERROR;
				CLANG_WARN_QUOTED_INCLUDE_IN_FRAMEWORK_HEADER = YES;
				CLANG_WARN_RANGE_LOOP_ANALYSIS = YES;
				CLANG_WARN_STRICT_PROTOTYPES = YES;
				CLANG_WARN_SUSPICIOUS_MOVE = YES;
				CLANG_WARN_UNGUARDED_AVAILABILITY = YES_AGGRESSIVE;
				CLANG_WARN_UNREACHABLE_CODE = YES;
				CLANG_WARN__DUPLICATE_METHOD_MATCH = YES;
				COPY_PHASE_STRIP = NO;
				DEBUG_INFORMATION_FORMAT = dwarf;
				ENABLE_STRICT_OBJC_MSGSEND = YES;
				ENABLE_TESTABILITY = YES;
				GCC_C_LANGUAGE_STANDARD = gnu11;
				GCC_DYNAMIC_NO_PIC = NO;
				GCC_NO_COMMON_BLOCKS = YES;
				GCC_OPTIMIZATION_LEVEL = 0;
				GCC_PREPROCESSOR_DEFINITIONS = (
					"DEBUG=1",
					"$(inherited)",
				);
				GCC_WARN_64_TO_32_BIT_CONVERSION = YES;
				GCC_WARN_ABOUT_RETURN_TYPE = YES_ERROR;
				GCC_WARN_UNDECLARED_SELECTOR = YES;
				GCC_WARN_UNINITIALIZED_AUTOS = YES_AGGRESSIVE;
				GCC_WARN_UNUSED_FUNCTION = YES;
				GCC_WARN_UNUSED_VARIABLE = YES;
				IPHONEOS_DEPLOYMENT_TARGET = 16.2;
				MTL_ENABLE_DEBUG_INFO = INCLUDE_SOURCE;
				MTL_FAST_MATH = YES;
				ONLY_ACTIVE_ARCH = YES;
				SDKROOT = iphoneos;
				SWIFT_ACTIVE_COMPILATION_CONDITIONS = DEBUG;
				SWIFT_OPTIMIZATION_LEVEL = "-Onone";
			};
			name = Debug;
		};
		D5F40FAC29680FAE00878B00 /* Release */ = {
			isa = XCBuildConfiguration;
			buildSettings = {
				ALWAYS_SEARCH_USER_PATHS = NO;
				CLANG_ANALYZER_NONNULL = YES;
				CLANG_ANALYZER_NUMBER_OBJECT_CONVERSION = YES_AGGRESSIVE;
				CLANG_CXX_LANGUAGE_STANDARD = "gnu++20";
				CLANG_ENABLE_MODULES = YES;
				CLANG_ENABLE_OBJC_ARC = YES;
				CLANG_ENABLE_OBJC_WEAK = YES;
				CLANG_WARN_BLOCK_CAPTURE_AUTORELEASING = YES;
				CLANG_WARN_BOOL_CONVERSION = YES;
				CLANG_WARN_COMMA = YES;
				CLANG_WARN_CONSTANT_CONVERSION = YES;
				CLANG_WARN_DEPRECATED_OBJC_IMPLEMENTATIONS = YES;
				CLANG_WARN_DIRECT_OBJC_ISA_USAGE = YES_ERROR;
				CLANG_WARN_DOCUMENTATION_COMMENTS = YES;
				CLANG_WARN_EMPTY_BODY = YES;
				CLANG_WARN_ENUM_CONVERSION = YES;
				CLANG_WARN_INFINITE_RECURSION = YES;
				CLANG_WARN_INT_CONVERSION = YES;
				CLANG_WARN_NON_LITERAL_NULL_CONVERSION = YES;
				CLANG_WARN_OBJC_IMPLICIT_RETAIN_SELF = YES;
				CLANG_WARN_OBJC_LITERAL_CONVERSION = YES;
				CLANG_WARN_OBJC_ROOT_CLASS = YES_ERROR;
				CLANG_WARN_QUOTED_INCLUDE_IN_FRAMEWORK_HEADER = YES;
				CLANG_WARN_RANGE_LOOP_ANALYSIS = YES;
				CLANG_WARN_STRICT_PROTOTYPES = YES;
				CLANG_WARN_SUSPICIOUS_MOVE = YES;
				CLANG_WARN_UNGUARDED_AVAILABILITY = YES_AGGRESSIVE;
				CLANG_WARN_UNREACHABLE_CODE = YES;
				CLANG_WARN__DUPLICATE_METHOD_MATCH = YES;
				COPY_PHASE_STRIP = NO;
				DEBUG_INFORMATION_FORMAT = "dwarf-with-dsym";
				ENABLE_NS_ASSERTIONS = NO;
				ENABLE_STRICT_OBJC_MSGSEND = YES;
				GCC_C_LANGUAGE_STANDARD = gnu11;
				GCC_NO_COMMON_BLOCKS = YES;
				GCC_WARN_64_TO_32_BIT_CONVERSION = YES;
				GCC_WARN_ABOUT_RETURN_TYPE = YES_ERROR;
				GCC_WARN_UNDECLARED_SELECTOR = YES;
				GCC_WARN_UNINITIALIZED_AUTOS = YES_AGGRESSIVE;
				GCC_WARN_UNUSED_FUNCTION = YES;
				GCC_WARN_UNUSED_VARIABLE = YES;
				IPHONEOS_DEPLOYMENT_TARGET = 16.2;
				MTL_ENABLE_DEBUG_INFO = NO;
				MTL_FAST_MATH = YES;
				SDKROOT = iphoneos;
				SWIFT_COMPILATION_MODE = wholemodule;
				SWIFT_OPTIMIZATION_LEVEL = "-O";
				VALIDATE_PRODUCT = YES;
			};
			name = Release;
		};
		D5F40FAE29680FAE00878B00 /* Debug */ = {
			isa = XCBuildConfiguration;
			buildSettings = {
				ASSETCATALOG_COMPILER_APPICON_NAME = AppIcon;
				ASSETCATALOG_COMPILER_GLOBAL_ACCENT_COLOR_NAME = AccentColor;
				CODE_SIGN_STYLE = Automatic;
				CURRENT_PROJECT_VERSION = 1;
				DEVELOPMENT_ASSET_PATHS = "\"upwork/Preview Content\"";
				DEVELOPMENT_TEAM = W5GL4YVL8D;
				ENABLE_PREVIEWS = YES;
				GENERATE_INFOPLIST_FILE = YES;
				INFOPLIST_KEY_UIApplicationSceneManifest_Generation = YES;
				INFOPLIST_KEY_UIApplicationSupportsIndirectInputEvents = YES;
				INFOPLIST_KEY_UILaunchScreen_Generation = YES;
				INFOPLIST_KEY_UISupportedInterfaceOrientations = "UIInterfaceOrientationLandscapeRight UIInterfaceOrientationPortrait";
				INFOPLIST_KEY_UISupportedInterfaceOrientations_iPad = "UIInterfaceOrientationLandscapeLeft UIInterfaceOrientationLandscapeRight UIInterfaceOrientationPortrait UIInterfaceOrientationPortraitUpsideDown";
				IPHONEOS_DEPLOYMENT_TARGET = 15.1;
				LD_RUNPATH_SEARCH_PATHS = (
					"$(inherited)",
					"@executable_path/Frameworks",
				);
				MARKETING_VERSION = 1.0;
				PRODUCT_BUNDLE_IDENTIFIER = "com-gatien-dev.upwork";
				PRODUCT_NAME = "$(TARGET_NAME)";
				SUPPORTED_PLATFORMS = "iphoneos iphonesimulator";
				SUPPORTS_MACCATALYST = NO;
				SUPPORTS_MAC_DESIGNED_FOR_IPHONE_IPAD = NO;
				SWIFT_EMIT_LOC_STRINGS = YES;
				SWIFT_VERSION = 5.0;
				TARGETED_DEVICE_FAMILY = 1;
			};
			name = Debug;
		};
		D5F40FAF29680FAE00878B00 /* Release */ = {
			isa = XCBuildConfiguration;
			buildSettings = {
				ASSETCATALOG_COMPILER_APPICON_NAME = AppIcon;
				ASSETCATALOG_COMPILER_GLOBAL_ACCENT_COLOR_NAME = AccentColor;
				CODE_SIGN_STYLE = Automatic;
				CURRENT_PROJECT_VERSION = 1;
				DEVELOPMENT_ASSET_PATHS = "\"upwork/Preview Content\"";
				DEVELOPMENT_TEAM = W5GL4YVL8D;
				ENABLE_PREVIEWS = YES;
				GENERATE_INFOPLIST_FILE = YES;
				INFOPLIST_KEY_UIApplicationSceneManifest_Generation = YES;
				INFOPLIST_KEY_UIApplicationSupportsIndirectInputEvents = YES;
				INFOPLIST_KEY_UILaunchScreen_Generation = YES;
				INFOPLIST_KEY_UISupportedInterfaceOrientations = "UIInterfaceOrientationLandscapeRight UIInterfaceOrientationPortrait";
				INFOPLIST_KEY_UISupportedInterfaceOrientations_iPad = "UIInterfaceOrientationLandscapeLeft UIInterfaceOrientationLandscapeRight UIInterfaceOrientationPortrait UIInterfaceOrientationPortraitUpsideDown";
				IPHONEOS_DEPLOYMENT_TARGET = 15.1;
				LD_RUNPATH_SEARCH_PATHS = (
					"$(inherited)",
					"@executable_path/Frameworks",
				);
				MARKETING_VERSION = 1.0;
				PRODUCT_BUNDLE_IDENTIFIER = "com-gatien-dev.upwork";
				PRODUCT_NAME = "$(TARGET_NAME)";
				SUPPORTED_PLATFORMS = "iphoneos iphonesimulator";
				SUPPORTS_MACCATALYST = NO;
				SUPPORTS_MAC_DESIGNED_FOR_IPHONE_IPAD = NO;
				SWIFT_EMIT_LOC_STRINGS = YES;
				SWIFT_VERSION = 5.0;
				TARGETED_DEVICE_FAMILY = 1;
			};
			name = Release;
		};
/* End XCBuildConfiguration section */

/* Begin XCConfigurationList section */
		D5F40F9A29680FAD00878B00 /* Build configuration list for PBXProject "upwork" */ = {
			isa = XCConfigurationList;
			buildConfigurations = (
				D5F40FAB29680FAE00878B00 /* Debug */,
				D5F40FAC29680FAE00878B00 /* Release */,
			);
			defaultConfigurationIsVisible = 0;
			defaultConfigurationName = Release;
		};
		D5F40FAD29680FAE00878B00 /* Build configuration list for PBXNativeTarget "upwork" */ = {
			isa = XCConfigurationList;
			buildConfigurations = (
				D5F40FAE29680FAE00878B00 /* Debug */,
				D5F40FAF29680FAE00878B00 /* Release */,
			);
			defaultConfigurationIsVisible = 0;
			defaultConfigurationName = Release;
		};
/* End XCConfigurationList section */
	};
	rootObject = D5F40F9729680FAD00878B00 /* Project object */;
}
